
Microsoft Visual Studio Solution File, Format Version 12.00
# Visual Studio Version 16
VisualStudioVersion = 16.0.33529.622
MinimumVisualStudioVersion = 10.0.40219.1
Project("{F184B08F-C81C-45F6-A57F-5ABD9991F28F}") = "ex09", "ex09.vbproj", "{FDF01193-54DA-4092-8F0F-A3675FF3BE61}"
EndProject
Global
	GlobalSection(SolutionConfigurationPlatforms) = preSolution
		Debug|Any CPU = Debug|Any CPU
		Release|Any CPU = Release|Any CPU
	EndGlobalSection
	GlobalSection(ProjectConfigurationPlatforms) = postSolution
		{FDF01193-54DA-4092-8F0F-A3675FF3BE61}.Debug|Any CPU.ActiveCfg = Debug|Any CPU
		{FDF01193-54DA-4092-8F0F-A3675FF3BE61}.Debug|Any CPU.Build.0 = Debug|Any CPU
		{FDF01193-54DA-4092-8F0F-A3675FF3BE61}.Release|Any CPU.ActiveCfg = Release|Any CPU
		{FDF01193-54DA-4092-8F0F-A3675FF3BE61}.Release|Any CPU.Build.0 = Release|Any CPU
	EndGlobalSection
	GlobalSection(SolutionProperties) = preSolution
		HideSolutionNode = FALSE
	EndGlobalSection
	GlobalSection(ExtensibilityGlobals) = postSolution
		SolutionGuid = {98D193D5-09C2-4A4D-8A0F-07B1E4496041}
	EndGlobalSection
EndGlobal
